// !$*UTF8*$!
{
	archiveVersion = 1;
	classes = {
	};
	objectVersion = 50;
	objects = {

/* Begin PBXFileReference section */
		2A33457421C5360B000A3E23 /* TempMonitor.py */ = {isa = PBXFileReference; lastKnownFileType = text.script.python; path = TempMonitor.py; sourceTree = "<group>"; };
/* End PBXFileReference section */

/* Begin PBXGroup section */
		2A33456D21C535BB000A3E23 = {
			isa = PBXGroup;
			children = (
				2A33457421C5360B000A3E23 /* TempMonitor.py */,
			);
			sourceTree = "<group>";
		};
/* End PBXGroup section */

/* Begin PBXProject section */
		2A33456E21C535BB000A3E23 /* Project object */ = {
			isa = PBXProject;
			attributes = {
				LastUpgradeCheck = 1000;
			};
			buildConfigurationList = 2A33457121C535BB000A3E23 /* Build configuration list for PBXProject "TempMonitor" */;
			compatibilityVersion = "Xcode 9.3";
			developmentRegion = en;
			hasScannedForEncodings = 0;
			knownRegions = (
				en,
			);
			mainGroup = 2A33456D21C535BB000A3E23;
			projectDirPath = "";
			projectRoot = "";
			targets = (
			);
		};
/* End PBXProject section */

/* Begin XCBuildConfiguration section */
		2A33457221C535BB000A3E23 /* Debug */ = {
			isa = XCBuildConfiguration;
			buildSettings = {
			};
			name = Debug;
		};
		2A33457321C535BB000A3E23 /* Release */ = {
			isa = XCBuildConfiguration;
			buildSettings = {
			};
			name = Release;
		};
/* End XCBuildConfiguration section */

/* Begin XCConfigurationList section */
		2A33457121C535BB000A3E23 /* Build configuration list for PBXProject "TempMonitor" */ = {
			isa = XCConfigurationList;
			buildConfigurations = (
				2A33457221C535BB000A3E23 /* Debug */,
				2A33457321C535BB000A3E23 /* Release */,
			);
			defaultConfigurationIsVisible = 0;
			defaultConfigurationName = Release;
		};
/* End XCConfigurationList section */
	};
	rootObject = 2A33456E21C535BB000A3E23 /* Project object */;
}
